# This file is automatically @generated by Cargo.
# It is not intended for manual editing.
version = 3

[[package]]
name = "curses"
version = "0.1.0"
source = "git+https://github.com/shipsimfan/lib-curses#9108c6bca5a087b774938c44e4ba3961ed2efd27"

[[package]]
name = "linux"
version = "0.1.0"
source = "git+https://github.com/shipsimfan/lib-linux#4b5d511c7f2c21c82d32d6791eb9b7dcbb6854a2"

[[package]]
name = "lss-arch"
version = "0.1.0"
dependencies = [
 "curses",
 "linux",
 "net-utils",
]

[[package]]
name = "net-utils"
version = "0.1.0"
source = "git+https://github.com/shipsimfan/lib-net-utils#9230abc09298abe7a2cbfe0d36307d8f20c52a30"
