# This file is automatically @generated by Cargo.
# It is not intended for manual editing.
version = 3

[[package]]
name = "curses"
version = "0.1.0"
source = "git+https://github.com/shipsimfan/lib-curses#6a6f2b4d221720686ed74eab6bc69892568540c3"

[[package]]
name = "lss-arch"
version = "0.1.0"
dependencies = [
 "curses",
 "net-utils",
]

[[package]]
name = "net-utils"
version = "0.1.0"
source = "git+https://github.com/shipsimfan/lib-net-utils#9230abc09298abe7a2cbfe0d36307d8f20c52a30"
