# This file is automatically @generated by Cargo.
# It is not intended for manual editing.
version = 3

[[package]]
name = "curses"
version = "0.1.0"
source = "git+https://github.com/shipsimfan/lib-curses#a30b2aa745dc7b3129320eb3fcc0544a7638b86a"

[[package]]
name = "lss-arch"
version = "0.1.0"
dependencies = [
 "curses",
 "net-utils",
]

[[package]]
name = "net-utils"
version = "0.1.0"
source = "git+https://github.com/shipsimfan/lib-net-utils#9230abc09298abe7a2cbfe0d36307d8f20c52a30"
